
Microsoft Visual Studio Solution File, Format Version 12.00
# Visual Studio Version 17
VisualStudioVersion = 17.3.32804.467
MinimumVisualStudioVersion = 10.0.40219.1
Project("{FAE04EC0-301F-11D3-BF4B-00C04F79EFBC}") = "Extention-Recursive-Metotlar", "Extention-Recursive-Metotlar\Extention-Recursive-Metotlar.csproj", "{BBAB439D-E0C3-4CB6-AFE3-8AD8C616166A}"
EndProject
Global
	GlobalSection(SolutionConfigurationPlatforms) = preSolution
		Debug|Any CPU = Debug|Any CPU
		Release|Any CPU = Release|Any CPU
	EndGlobalSection
	GlobalSection(ProjectConfigurationPlatforms) = postSolution
		{BBAB439D-E0C3-4CB6-AFE3-8AD8C616166A}.Debug|Any CPU.ActiveCfg = Debug|Any CPU
		{BBAB439D-E0C3-4CB6-AFE3-8AD8C616166A}.Debug|Any CPU.Build.0 = Debug|Any CPU
		{BBAB439D-E0C3-4CB6-AFE3-8AD8C616166A}.Release|Any CPU.ActiveCfg = Release|Any CPU
		{BBAB439D-E0C3-4CB6-AFE3-8AD8C616166A}.Release|Any CPU.Build.0 = Release|Any CPU
	EndGlobalSection
	GlobalSection(SolutionProperties) = preSolution
		HideSolutionNode = FALSE
	EndGlobalSection
	GlobalSection(ExtensibilityGlobals) = postSolution
		SolutionGuid = {926BB1F0-6B38-4E54-9AB8-2E788D1C24DA}
	EndGlobalSection
EndGlobal
